
Microsoft Visual Studio Solution File, Format Version 12.00
# Visual Studio Version 17
VisualStudioVersion = 17.0.31903.59
MinimumVisualStudioVersion = 10.0.40219.1
Project("{2150E333-8FDC-42A3-9474-1A3956D46DE8}") = "src", "src", "{9F1B06F7-A60E-488E-9285-506AE7BB1BAB}"
EndProject
Project("{F2A71F9B-5D33-465A-A702-920D77279786}") = "Fib", "src\Fib\Fib.fsproj", "{1EEF0D3C-D2A0-4067-91E5-4D4239EACF84}"
EndProject
Project("{F2A71F9B-5D33-465A-A702-920D77279786}") = "tests", "tests\tests.fsproj", "{877E941C-749C-44F3-B124-895976081416}"
EndProject
Project("{F2A71F9B-5D33-465A-A702-920D77279786}") = "BubbleSort", "src\BubbleSort\BubbleSort.fsproj", "{D360C2DD-0AE8-4244-8BD4-AC0E65FC0519}"
EndProject
Project("{F2A71F9B-5D33-465A-A702-920D77279786}") = "Factor", "src\Factor\Factor.fsproj", "{0C8881C7-FAC5-41BB-9CD9-62E8C39D18E4}"
EndProject
Project("{F2A71F9B-5D33-465A-A702-920D77279786}") = "QuickSort", "src\QuickSort\QuickSort.fsproj", "{354D5C34-26B9-4D0F-A8AB-CF04B4D989DF}"
EndProject
Global
	GlobalSection(SolutionConfigurationPlatforms) = preSolution
		Debug|Any CPU = Debug|Any CPU
		Release|Any CPU = Release|Any CPU
	EndGlobalSection
	GlobalSection(SolutionProperties) = preSolution
		HideSolutionNode = FALSE
	EndGlobalSection
	GlobalSection(ProjectConfigurationPlatforms) = postSolution
		{33429C1B-060E-457F-8127-EC739AA9C0FD}.Debug|Any CPU.ActiveCfg = Debug|Any CPU
		{33429C1B-060E-457F-8127-EC739AA9C0FD}.Debug|Any CPU.Build.0 = Debug|Any CPU
		{33429C1B-060E-457F-8127-EC739AA9C0FD}.Release|Any CPU.ActiveCfg = Release|Any CPU
		{33429C1B-060E-457F-8127-EC739AA9C0FD}.Release|Any CPU.Build.0 = Release|Any CPU
		{3CEAF500-EBC6-4187-9B71-423FD8BD26AA}.Debug|Any CPU.ActiveCfg = Debug|Any CPU
		{3CEAF500-EBC6-4187-9B71-423FD8BD26AA}.Debug|Any CPU.Build.0 = Debug|Any CPU
		{3CEAF500-EBC6-4187-9B71-423FD8BD26AA}.Release|Any CPU.ActiveCfg = Release|Any CPU
		{3CEAF500-EBC6-4187-9B71-423FD8BD26AA}.Release|Any CPU.Build.0 = Release|Any CPU
		{463CA648-F6F9-4674-A616-5097D625C5DF}.Debug|Any CPU.ActiveCfg = Debug|Any CPU
		{463CA648-F6F9-4674-A616-5097D625C5DF}.Debug|Any CPU.Build.0 = Debug|Any CPU
		{463CA648-F6F9-4674-A616-5097D625C5DF}.Release|Any CPU.ActiveCfg = Release|Any CPU
		{463CA648-F6F9-4674-A616-5097D625C5DF}.Release|Any CPU.Build.0 = Release|Any CPU
		{1EEF0D3C-D2A0-4067-91E5-4D4239EACF84}.Debug|Any CPU.ActiveCfg = Debug|Any CPU
		{1EEF0D3C-D2A0-4067-91E5-4D4239EACF84}.Debug|Any CPU.Build.0 = Debug|Any CPU
		{1EEF0D3C-D2A0-4067-91E5-4D4239EACF84}.Release|Any CPU.ActiveCfg = Release|Any CPU
		{1EEF0D3C-D2A0-4067-91E5-4D4239EACF84}.Release|Any CPU.Build.0 = Release|Any CPU
		{877E941C-749C-44F3-B124-895976081416}.Debug|Any CPU.ActiveCfg = Debug|Any CPU
		{877E941C-749C-44F3-B124-895976081416}.Debug|Any CPU.Build.0 = Debug|Any CPU
		{877E941C-749C-44F3-B124-895976081416}.Release|Any CPU.ActiveCfg = Release|Any CPU
		{877E941C-749C-44F3-B124-895976081416}.Release|Any CPU.Build.0 = Release|Any CPU
		{D360C2DD-0AE8-4244-8BD4-AC0E65FC0519}.Debug|Any CPU.ActiveCfg = Debug|Any CPU
		{D360C2DD-0AE8-4244-8BD4-AC0E65FC0519}.Debug|Any CPU.Build.0 = Debug|Any CPU
		{D360C2DD-0AE8-4244-8BD4-AC0E65FC0519}.Release|Any CPU.ActiveCfg = Release|Any CPU
		{D360C2DD-0AE8-4244-8BD4-AC0E65FC0519}.Release|Any CPU.Build.0 = Release|Any CPU
		{0C8881C7-FAC5-41BB-9CD9-62E8C39D18E4}.Debug|Any CPU.ActiveCfg = Debug|Any CPU
		{0C8881C7-FAC5-41BB-9CD9-62E8C39D18E4}.Debug|Any CPU.Build.0 = Debug|Any CPU
		{0C8881C7-FAC5-41BB-9CD9-62E8C39D18E4}.Release|Any CPU.ActiveCfg = Release|Any CPU
		{0C8881C7-FAC5-41BB-9CD9-62E8C39D18E4}.Release|Any CPU.Build.0 = Release|Any CPU
		{354D5C34-26B9-4D0F-A8AB-CF04B4D989DF}.Debug|Any CPU.ActiveCfg = Debug|Any CPU
		{354D5C34-26B9-4D0F-A8AB-CF04B4D989DF}.Debug|Any CPU.Build.0 = Debug|Any CPU
		{354D5C34-26B9-4D0F-A8AB-CF04B4D989DF}.Release|Any CPU.ActiveCfg = Release|Any CPU
		{354D5C34-26B9-4D0F-A8AB-CF04B4D989DF}.Release|Any CPU.Build.0 = Release|Any CPU
	EndGlobalSection
	GlobalSection(NestedProjects) = preSolution
		{1EEF0D3C-D2A0-4067-91E5-4D4239EACF84} = {9F1B06F7-A60E-488E-9285-506AE7BB1BAB}
		{D360C2DD-0AE8-4244-8BD4-AC0E65FC0519} = {9F1B06F7-A60E-488E-9285-506AE7BB1BAB}
		{0C8881C7-FAC5-41BB-9CD9-62E8C39D18E4} = {9F1B06F7-A60E-488E-9285-506AE7BB1BAB}
		{354D5C34-26B9-4D0F-A8AB-CF04B4D989DF} = {9F1B06F7-A60E-488E-9285-506AE7BB1BAB}
	EndGlobalSection
EndGlobal
